
Microsoft Visual Studio Solution File, Format Version 12.00
# Visual Studio 15
VisualStudioVersion = 15.0.28010.2026
MinimumVisualStudioVersion = 10.0.40219.1
Project("{FAE04EC0-301F-11D3-BF4B-00C04F79EFBC}") = "Fenit.HelpTool.App", "Fenit.HelpTool.App\Fenit.HelpTool.App.csproj", "{FF31B808-BECF-41B2-9DEA-57E5FDEE7EA7}"
EndProject
Project("{2150E333-8FDC-42A3-9474-1A3956D46DE8}") = "Module", "Module", "{A53D772C-7DE9-4863-9C9D-033671728199}"
EndProject
Project("{2150E333-8FDC-42A3-9474-1A3956D46DE8}") = "Core", "Core", "{23C1FB97-5619-43E4-85BD-8FEBBB6D441B}"
EndProject
Project("{2150E333-8FDC-42A3-9474-1A3956D46DE8}") = "Common", "Common", "{96E1E1E1-6A12-400A-BBBB-2E5CCBFC4882}"
EndProject
Project("{FAE04EC0-301F-11D3-BF4B-00C04F79EFBC}") = "Fenit.Toolbox.Core", "..\Toolbox\Fenit.Toolbox.Core\Fenit.Toolbox.Core.csproj", "{D469322B-1A48-434D-BA78-49D668822EFE}"
EndProject
Project("{2150E333-8FDC-42A3-9474-1A3956D46DE8}") = "UI", "UI", "{896663B4-BFC7-4582-A6EF-FCCDA02E8256}"
EndProject
Project("{FAE04EC0-301F-11D3-BF4B-00C04F79EFBC}") = "Fenit.HelpTool.UI.Core", "Fenit.HelpTool.UI.Core\Fenit.HelpTool.UI.Core.csproj", "{122AADEF-69A2-4B94-85D6-A765F0DBA443}"
EndProject
Project("{2150E333-8FDC-42A3-9474-1A3956D46DE8}") = "Test", "Test", "{92D4B92C-A4DF-4213-A08C-11ECC7B81BBD}"
EndProject
Project("{FAE04EC0-301F-11D3-BF4B-00C04F79EFBC}") = "Fenit.HelpTool.Core.SqlFileService", "Fenit.HelpTool.Core.SqlFileService\Fenit.HelpTool.Core.SqlFileService.csproj", "{ECE2B626-5200-4B45-A259-44FDADC76434}"
EndProject
Project("{FAE04EC0-301F-11D3-BF4B-00C04F79EFBC}") = "Fenit.HelpTool.Core.SqlFileServiceTests", "Fenit.HelpTool.Core.SqlFileServiceTests\Fenit.HelpTool.Core.SqlFileServiceTests.csproj", "{387646AF-C598-483D-8191-1018B1878BE3}"
EndProject
Project("{FAE04EC0-301F-11D3-BF4B-00C04F79EFBC}") = "Fenit.HelpTool.Core.Service", "Fenit.HelpTool.Core.Service\Fenit.HelpTool.Core.Service.csproj", "{70BF6F5C-1691-4476-902E-A8620409D0FF}"
EndProject
Project("{FAE04EC0-301F-11D3-BF4B-00C04F79EFBC}") = "Fenit.HelpTool.Core.UserService", "Fenit.HelpTool.Core.UserService\Fenit.HelpTool.Core.UserService.csproj", "{8F6EDC08-F61C-4942-AFD5-F24F8A73B526}"
EndProject
Project("{FAE04EC0-301F-11D3-BF4B-00C04F79EFBC}") = "Fenit.HelpTool.Module.Login", "Fenit.HelpTool.Module.Login\Fenit.HelpTool.Module.Login.csproj", "{B747A702-135A-4765-BC11-EF2FCB2F86D2}"
EndProject
Project("{FAE04EC0-301F-11D3-BF4B-00C04F79EFBC}") = "Fenit.HelpTool.Module.SqlLog", "Fenit.HelpTool.Module.SqlLog\Fenit.HelpTool.Module.SqlLog.csproj", "{60DE42C5-3FCF-4BF0-B5A8-6904C4F55E58}"
EndProject
Project("{FAE04EC0-301F-11D3-BF4B-00C04F79EFBC}") = "Fenit.HelpTool.Core.Logger", "Fenit.HelpTool.Core.UserService.Logger\Fenit.HelpTool.Core.Logger.csproj", "{C8063B39-F26E-4A26-9F3C-C4FF0FE6E26F}"
EndProject
Project("{FAE04EC0-301F-11D3-BF4B-00C04F79EFBC}") = "Fenit.HelpTool.Module.Footer", "Fenit.HelpTool.Module.Footer\Fenit.HelpTool.Module.Footer.csproj", "{F76A2BAC-0719-4F03-93CB-40F58D0E9D7C}"
EndProject
Project("{FAE04EC0-301F-11D3-BF4B-00C04F79EFBC}") = "Fenit.HelpTool.Core.FileService", "Fenit.HelpTool.Core.FileService\Fenit.HelpTool.Core.FileService.csproj", "{AAC3386C-3432-4AAC-A216-C07E01B840A0}"
EndProject
Project("{FAE04EC0-301F-11D3-BF4B-00C04F79EFBC}") = "Fenit.HelpTool.Module.Menu", "Fenit.HelpTool.Module.Menu\Fenit.HelpTool.Module.Menu.csproj", "{CB0035DD-5E5F-4A8F-AE55-DA1DD0455479}"
EndProject
Global
	GlobalSection(SolutionConfigurationPlatforms) = preSolution
		Debug|Any CPU = Debug|Any CPU
		Release|Any CPU = Release|Any CPU
	EndGlobalSection
	GlobalSection(ProjectConfigurationPlatforms) = postSolution
		{FF31B808-BECF-41B2-9DEA-57E5FDEE7EA7}.Debug|Any CPU.ActiveCfg = Debug|Any CPU
		{FF31B808-BECF-41B2-9DEA-57E5FDEE7EA7}.Debug|Any CPU.Build.0 = Debug|Any CPU
		{FF31B808-BECF-41B2-9DEA-57E5FDEE7EA7}.Release|Any CPU.ActiveCfg = Release|Any CPU
		{FF31B808-BECF-41B2-9DEA-57E5FDEE7EA7}.Release|Any CPU.Build.0 = Release|Any CPU
		{D469322B-1A48-434D-BA78-49D668822EFE}.Debug|Any CPU.ActiveCfg = Debug|Any CPU
		{D469322B-1A48-434D-BA78-49D668822EFE}.Debug|Any CPU.Build.0 = Debug|Any CPU
		{D469322B-1A48-434D-BA78-49D668822EFE}.Release|Any CPU.ActiveCfg = Release|Any CPU
		{D469322B-1A48-434D-BA78-49D668822EFE}.Release|Any CPU.Build.0 = Release|Any CPU
		{122AADEF-69A2-4B94-85D6-A765F0DBA443}.Debug|Any CPU.ActiveCfg = Debug|Any CPU
		{122AADEF-69A2-4B94-85D6-A765F0DBA443}.Debug|Any CPU.Build.0 = Debug|Any CPU
		{122AADEF-69A2-4B94-85D6-A765F0DBA443}.Release|Any CPU.ActiveCfg = Release|Any CPU
		{122AADEF-69A2-4B94-85D6-A765F0DBA443}.Release|Any CPU.Build.0 = Release|Any CPU
		{ECE2B626-5200-4B45-A259-44FDADC76434}.Debug|Any CPU.ActiveCfg = Debug|Any CPU
		{ECE2B626-5200-4B45-A259-44FDADC76434}.Debug|Any CPU.Build.0 = Debug|Any CPU
		{ECE2B626-5200-4B45-A259-44FDADC76434}.Release|Any CPU.ActiveCfg = Release|Any CPU
		{ECE2B626-5200-4B45-A259-44FDADC76434}.Release|Any CPU.Build.0 = Release|Any CPU
		{387646AF-C598-483D-8191-1018B1878BE3}.Debug|Any CPU.ActiveCfg = Debug|Any CPU
		{387646AF-C598-483D-8191-1018B1878BE3}.Debug|Any CPU.Build.0 = Debug|Any CPU
		{387646AF-C598-483D-8191-1018B1878BE3}.Release|Any CPU.ActiveCfg = Release|Any CPU
		{387646AF-C598-483D-8191-1018B1878BE3}.Release|Any CPU.Build.0 = Release|Any CPU
		{70BF6F5C-1691-4476-902E-A8620409D0FF}.Debug|Any CPU.ActiveCfg = Debug|Any CPU
		{70BF6F5C-1691-4476-902E-A8620409D0FF}.Debug|Any CPU.Build.0 = Debug|Any CPU
		{70BF6F5C-1691-4476-902E-A8620409D0FF}.Release|Any CPU.ActiveCfg = Release|Any CPU
		{70BF6F5C-1691-4476-902E-A8620409D0FF}.Release|Any CPU.Build.0 = Release|Any CPU
		{8F6EDC08-F61C-4942-AFD5-F24F8A73B526}.Debug|Any CPU.ActiveCfg = Debug|Any CPU
		{8F6EDC08-F61C-4942-AFD5-F24F8A73B526}.Debug|Any CPU.Build.0 = Debug|Any CPU
		{8F6EDC08-F61C-4942-AFD5-F24F8A73B526}.Release|Any CPU.ActiveCfg = Release|Any CPU
		{8F6EDC08-F61C-4942-AFD5-F24F8A73B526}.Release|Any CPU.Build.0 = Release|Any CPU
		{B747A702-135A-4765-BC11-EF2FCB2F86D2}.Debug|Any CPU.ActiveCfg = Debug|Any CPU
		{B747A702-135A-4765-BC11-EF2FCB2F86D2}.Debug|Any CPU.Build.0 = Debug|Any CPU
		{B747A702-135A-4765-BC11-EF2FCB2F86D2}.Release|Any CPU.ActiveCfg = Release|Any CPU
		{B747A702-135A-4765-BC11-EF2FCB2F86D2}.Release|Any CPU.Build.0 = Release|Any CPU
		{60DE42C5-3FCF-4BF0-B5A8-6904C4F55E58}.Debug|Any CPU.ActiveCfg = Debug|Any CPU
		{60DE42C5-3FCF-4BF0-B5A8-6904C4F55E58}.Debug|Any CPU.Build.0 = Debug|Any CPU
		{60DE42C5-3FCF-4BF0-B5A8-6904C4F55E58}.Release|Any CPU.ActiveCfg = Release|Any CPU
		{60DE42C5-3FCF-4BF0-B5A8-6904C4F55E58}.Release|Any CPU.Build.0 = Release|Any CPU
		{C8063B39-F26E-4A26-9F3C-C4FF0FE6E26F}.Debug|Any CPU.ActiveCfg = Debug|Any CPU
		{C8063B39-F26E-4A26-9F3C-C4FF0FE6E26F}.Debug|Any CPU.Build.0 = Debug|Any CPU
		{C8063B39-F26E-4A26-9F3C-C4FF0FE6E26F}.Release|Any CPU.ActiveCfg = Release|Any CPU
		{C8063B39-F26E-4A26-9F3C-C4FF0FE6E26F}.Release|Any CPU.Build.0 = Release|Any CPU
		{F76A2BAC-0719-4F03-93CB-40F58D0E9D7C}.Debug|Any CPU.ActiveCfg = Debug|Any CPU
		{F76A2BAC-0719-4F03-93CB-40F58D0E9D7C}.Debug|Any CPU.Build.0 = Debug|Any CPU
		{F76A2BAC-0719-4F03-93CB-40F58D0E9D7C}.Release|Any CPU.ActiveCfg = Release|Any CPU
		{F76A2BAC-0719-4F03-93CB-40F58D0E9D7C}.Release|Any CPU.Build.0 = Release|Any CPU
		{AAC3386C-3432-4AAC-A216-C07E01B840A0}.Debug|Any CPU.ActiveCfg = Debug|Any CPU
		{AAC3386C-3432-4AAC-A216-C07E01B840A0}.Debug|Any CPU.Build.0 = Debug|Any CPU
		{AAC3386C-3432-4AAC-A216-C07E01B840A0}.Release|Any CPU.ActiveCfg = Release|Any CPU
		{AAC3386C-3432-4AAC-A216-C07E01B840A0}.Release|Any CPU.Build.0 = Release|Any CPU
		{CB0035DD-5E5F-4A8F-AE55-DA1DD0455479}.Debug|Any CPU.ActiveCfg = Debug|Any CPU
		{CB0035DD-5E5F-4A8F-AE55-DA1DD0455479}.Debug|Any CPU.Build.0 = Debug|Any CPU
		{CB0035DD-5E5F-4A8F-AE55-DA1DD0455479}.Release|Any CPU.ActiveCfg = Release|Any CPU
		{CB0035DD-5E5F-4A8F-AE55-DA1DD0455479}.Release|Any CPU.Build.0 = Release|Any CPU
	EndGlobalSection
	GlobalSection(SolutionProperties) = preSolution
		HideSolutionNode = FALSE
	EndGlobalSection
	GlobalSection(NestedProjects) = preSolution
		{D469322B-1A48-434D-BA78-49D668822EFE} = {96E1E1E1-6A12-400A-BBBB-2E5CCBFC4882}
		{122AADEF-69A2-4B94-85D6-A765F0DBA443} = {896663B4-BFC7-4582-A6EF-FCCDA02E8256}
		{ECE2B626-5200-4B45-A259-44FDADC76434} = {23C1FB97-5619-43E4-85BD-8FEBBB6D441B}
		{387646AF-C598-483D-8191-1018B1878BE3} = {92D4B92C-A4DF-4213-A08C-11ECC7B81BBD}
		{70BF6F5C-1691-4476-902E-A8620409D0FF} = {23C1FB97-5619-43E4-85BD-8FEBBB6D441B}
		{8F6EDC08-F61C-4942-AFD5-F24F8A73B526} = {23C1FB97-5619-43E4-85BD-8FEBBB6D441B}
		{B747A702-135A-4765-BC11-EF2FCB2F86D2} = {A53D772C-7DE9-4863-9C9D-033671728199}
		{60DE42C5-3FCF-4BF0-B5A8-6904C4F55E58} = {A53D772C-7DE9-4863-9C9D-033671728199}
		{C8063B39-F26E-4A26-9F3C-C4FF0FE6E26F} = {23C1FB97-5619-43E4-85BD-8FEBBB6D441B}
		{F76A2BAC-0719-4F03-93CB-40F58D0E9D7C} = {A53D772C-7DE9-4863-9C9D-033671728199}
		{AAC3386C-3432-4AAC-A216-C07E01B840A0} = {23C1FB97-5619-43E4-85BD-8FEBBB6D441B}
		{CB0035DD-5E5F-4A8F-AE55-DA1DD0455479} = {A53D772C-7DE9-4863-9C9D-033671728199}
	EndGlobalSection
	GlobalSection(ExtensibilityGlobals) = postSolution
		SolutionGuid = {37F6DDB1-2D78-4375-B441-3FE758A6AE82}
	EndGlobalSection
EndGlobal
